
Microsoft Visual Studio Solution File, Format Version 12.00
# Visual Studio Version 16
VisualStudioVersion = 16.0.32510.428
MinimumVisualStudioVersion = 10.0.40219.1
Project("{FAE04EC0-301F-11D3-BF4B-00C04F79EFBC}") = "SalesWebMvc", "SalesWebMvc\SalesWebMvc.csproj", "{2B86BE6D-60AF-4482-B727-DB03E2AE2D55}"
EndProject
Global
	GlobalSection(SolutionConfigurationPlatforms) = preSolution
		Debug|Any CPU = Debug|Any CPU
		Release|Any CPU = Release|Any CPU
	EndGlobalSection
	GlobalSection(ProjectConfigurationPlatforms) = postSolution
		{2B86BE6D-60AF-4482-B727-DB03E2AE2D55}.Debug|Any CPU.ActiveCfg = Debug|Any CPU
		{2B86BE6D-60AF-4482-B727-DB03E2AE2D55}.Debug|Any CPU.Build.0 = Debug|Any CPU
		{2B86BE6D-60AF-4482-B727-DB03E2AE2D55}.Release|Any CPU.ActiveCfg = Release|Any CPU
		{2B86BE6D-60AF-4482-B727-DB03E2AE2D55}.Release|Any CPU.Build.0 = Release|Any CPU
	EndGlobalSection
	GlobalSection(SolutionProperties) = preSolution
		HideSolutionNode = FALSE
	EndGlobalSection
	GlobalSection(ExtensibilityGlobals) = postSolution
		SolutionGuid = {E40A7D93-F2A9-4FE8-8655-3750BF4AD1EA}
	EndGlobalSection
EndGlobal
